
Microsoft Visual Studio Solution File, Format Version 12.00
# Visual Studio Version 17
VisualStudioVersion = 17.0.31903.59
MinimumVisualStudioVersion = 10.0.40219.1
Project("{2150E333-8FDC-42A3-9474-1A3956D46DE8}") = "src", "src", "{827E0CD3-B72D-47B6-A68D-7590B98EB39B}"
EndProject
Project("{FAE04EC0-301F-11D3-BF4B-00C04F79EFBC}") = "RDPSafe.Core", "src\RDPSafe.Core\RDPSafe.Core.csproj", "{860ED455-81CA-4560-960F-CC87174E9873}"
EndProject
Project("{FAE04EC0-301F-11D3-BF4B-00C04F79EFBC}") = "RDPSafe.App", "src\RDPSafe.App\RDPSafe.App.csproj", "{01AA80DD-1590-4FF7-AA6A-EA2FE7A7A5ED}"
EndProject
Project("{2150E333-8FDC-42A3-9474-1A3956D46DE8}") = "tools", "tools", "{07C2787E-EAC7-C090-1BA3-A61EC2A24D84}"
EndProject
Project("{FAE04EC0-301F-11D3-BF4B-00C04F79EFBC}") = "RDPSafe.Probe", "tools\RDPSafe.Probe\RDPSafe.Probe.csproj", "{2E312122-AAEF-4FEC-A86A-CC4A7A7AB0EF}"
EndProject
Project("{FAE04EC0-301F-11D3-BF4B-00C04F79EFBC}") = "IconGen", "tools\IconGen\IconGen.csproj", "{1DF4FA49-126C-44F2-B92C-8CA1FB492A28}"
EndProject
Project("{FAE04EC0-301F-11D3-BF4B-00C04F79EFBC}") = "Shot", "tools\Shot\Shot.csproj", "{A515A2A6-7B05-4C24-A660-71E433909A79}"
EndProject
Global
	GlobalSection(SolutionConfigurationPlatforms) = preSolution
		Debug|Any CPU = Debug|Any CPU
		Debug|x64 = Debug|x64
		Debug|x86 = Debug|x86
		Release|Any CPU = Release|Any CPU
		Release|x64 = Release|x64
		Release|x86 = Release|x86
	EndGlobalSection
	GlobalSection(ProjectConfigurationPlatforms) = postSolution
		{860ED455-81CA-4560-960F-CC87174E9873}.Debug|Any CPU.ActiveCfg = Debug|Any CPU
		{860ED455-81CA-4560-960F-CC87174E9873}.Debug|Any CPU.Build.0 = Debug|Any CPU
		{860ED455-81CA-4560-960F-CC87174E9873}.Debug|x64.ActiveCfg = Debug|Any CPU
		{860ED455-81CA-4560-960F-CC87174E9873}.Debug|x64.Build.0 = Debug|Any CPU
		{860ED455-81CA-4560-960F-CC87174E9873}.Debug|x86.ActiveCfg = Debug|Any CPU
		{860ED455-81CA-4560-960F-CC87174E9873}.Debug|x86.Build.0 = Debug|Any CPU
		{860ED455-81CA-4560-960F-CC87174E9873}.Release|Any CPU.ActiveCfg = Release|Any CPU
		{860ED455-81CA-4560-960F-CC87174E9873}.Release|Any CPU.Build.0 = Release|Any CPU
		{860ED455-81CA-4560-960F-CC87174E9873}.Release|x64.ActiveCfg = Release|Any CPU
		{860ED455-81CA-4560-960F-CC87174E9873}.Release|x64.Build.0 = Release|Any CPU
		{860ED455-81CA-4560-960F-CC87174E9873}.Release|x86.ActiveCfg = Release|Any CPU
		{860ED455-81CA-4560-960F-CC87174E9873}.Release|x86.Build.0 = Release|Any CPU
		{01AA80DD-1590-4FF7-AA6A-EA2FE7A7A5ED}.Debug|Any CPU.ActiveCfg = Debug|Any CPU
		{01AA80DD-1590-4FF7-AA6A-EA2FE7A7A5ED}.Debug|Any CPU.Build.0 = Debug|Any CPU
		{01AA80DD-1590-4FF7-AA6A-EA2FE7A7A5ED}.Debug|x64.ActiveCfg = Debug|Any CPU
		{01AA80DD-1590-4FF7-AA6A-EA2FE7A7A5ED}.Debug|x64.Build.0 = Debug|Any CPU
		{01AA80DD-1590-4FF7-AA6A-EA2FE7A7A5ED}.Debug|x86.ActiveCfg = Debug|Any CPU
		{01AA80DD-1590-4FF7-AA6A-EA2FE7A7A5ED}.Debug|x86.Build.0 = Debug|Any CPU
		{01AA80DD-1590-4FF7-AA6A-EA2FE7A7A5ED}.Release|Any CPU.ActiveCfg = Release|Any CPU
		{01AA80DD-1590-4FF7-AA6A-EA2FE7A7A5ED}.Release|Any CPU.Build.0 = Release|Any CPU
		{01AA80DD-1590-4FF7-AA6A-EA2FE7A7A5ED}.Release|x64.ActiveCfg = Release|Any CPU
		{01AA80DD-1590-4FF7-AA6A-EA2FE7A7A5ED}.Release|x64.Build.0 = Release|Any CPU
		{01AA80DD-1590-4FF7-AA6A-EA2FE7A7A5ED}.Release|x86.ActiveCfg = Release|Any CPU
		{01AA80DD-1590-4FF7-AA6A-EA2FE7A7A5ED}.Release|x86.Build.0 = Release|Any CPU
		{2E312122-AAEF-4FEC-A86A-CC4A7A7AB0EF}.Debug|Any CPU.ActiveCfg = Debug|Any CPU
		{2E312122-AAEF-4FEC-A86A-CC4A7A7AB0EF}.Debug|Any CPU.Build.0 = Debug|Any CPU
		{2E312122-AAEF-4FEC-A86A-CC4A7A7AB0EF}.Debug|x64.ActiveCfg = Debug|Any CPU
		{2E312122-AAEF-4FEC-A86A-CC4A7A7AB0EF}.Debug|x64.Build.0 = Debug|Any CPU
		{2E312122-AAEF-4FEC-A86A-CC4A7A7AB0EF}.Debug|x86.ActiveCfg = Debug|Any CPU
		{2E312122-AAEF-4FEC-A86A-CC4A7A7AB0EF}.Debug|x86.Build.0 = Debug|Any CPU
		{2E312122-AAEF-4FEC-A86A-CC4A7A7AB0EF}.Release|Any CPU.ActiveCfg = Release|Any CPU
		{2E312122-AAEF-4FEC-A86A-CC4A7A7AB0EF}.Release|Any CPU.Build.0 = Release|Any CPU
		{2E312122-AAEF-4FEC-A86A-CC4A7A7AB0EF}.Release|x64.ActiveCfg = Release|Any CPU
		{2E312122-AAEF-4FEC-A86A-CC4A7A7AB0EF}.Release|x64.Build.0 = Release|Any CPU
		{2E312122-AAEF-4FEC-A86A-CC4A7A7AB0EF}.Release|x86.ActiveCfg = Release|Any CPU
		{2E312122-AAEF-4FEC-A86A-CC4A7A7AB0EF}.Release|x86.Build.0 = Release|Any CPU
		{1DF4FA49-126C-44F2-B92C-8CA1FB492A28}.Debug|Any CPU.ActiveCfg = Debug|Any CPU
		{1DF4FA49-126C-44F2-B92C-8CA1FB492A28}.Debug|Any CPU.Build.0 = Debug|Any CPU
		{1DF4FA49-126C-44F2-B92C-8CA1FB492A28}.Debug|x64.ActiveCfg = Debug|Any CPU
		{1DF4FA49-126C-44F2-B92C-8CA1FB492A28}.Debug|x64.Build.0 = Debug|Any CPU
		{1DF4FA49-126C-44F2-B92C-8CA1FB492A28}.Debug|x86.ActiveCfg = Debug|Any CPU
		{1DF4FA49-126C-44F2-B92C-8CA1FB492A28}.Debug|x86.Build.0 = Debug|Any CPU
		{1DF4FA49-126C-44F2-B92C-8CA1FB492A28}.Release|Any CPU.ActiveCfg = Release|Any CPU
		{1DF4FA49-126C-44F2-B92C-8CA1FB492A28}.Release|Any CPU.Build.0 = Release|Any CPU
		{1DF4FA49-126C-44F2-B92C-8CA1FB492A28}.Release|x64.ActiveCfg = Release|Any CPU
		{1DF4FA49-126C-44F2-B92C-8CA1FB492A28}.Release|x64.Build.0 = Release|Any CPU
		{1DF4FA49-126C-44F2-B92C-8CA1FB492A28}.Release|x86.ActiveCfg = Release|Any CPU
		{1DF4FA49-126C-44F2-B92C-8CA1FB492A28}.Release|x86.Build.0 = Release|Any CPU
		{A515A2A6-7B05-4C24-A660-71E433909A79}.Debug|Any CPU.ActiveCfg = Debug|Any CPU
		{A515A2A6-7B05-4C24-A660-71E433909A79}.Debug|Any CPU.Build.0 = Debug|Any CPU
		{A515A2A6-7B05-4C24-A660-71E433909A79}.Debug|x64.ActiveCfg = Debug|Any CPU
		{A515A2A6-7B05-4C24-A660-71E433909A79}.Debug|x64.Build.0 = Debug|Any CPU
		{A515A2A6-7B05-4C24-A660-71E433909A79}.Debug|x86.ActiveCfg = Debug|Any CPU
		{A515A2A6-7B05-4C24-A660-71E433909A79}.Debug|x86.Build.0 = Debug|Any CPU
		{A515A2A6-7B05-4C24-A660-71E433909A79}.Release|Any CPU.ActiveCfg = Release|Any CPU
		{A515A2A6-7B05-4C24-A660-71E433909A79}.Release|Any CPU.Build.0 = Release|Any CPU
		{A515A2A6-7B05-4C24-A660-71E433909A79}.Release|x64.ActiveCfg = Release|Any CPU
		{A515A2A6-7B05-4C24-A660-71E433909A79}.Release|x64.Build.0 = Release|Any CPU
		{A515A2A6-7B05-4C24-A660-71E433909A79}.Release|x86.ActiveCfg = Release|Any CPU
		{A515A2A6-7B05-4C24-A660-71E433909A79}.Release|x86.Build.0 = Release|Any CPU
	EndGlobalSection
	GlobalSection(SolutionProperties) = preSolution
		HideSolutionNode = FALSE
	EndGlobalSection
	GlobalSection(NestedProjects) = preSolution
		{860ED455-81CA-4560-960F-CC87174E9873} = {827E0CD3-B72D-47B6-A68D-7590B98EB39B}
		{01AA80DD-1590-4FF7-AA6A-EA2FE7A7A5ED} = {827E0CD3-B72D-47B6-A68D-7590B98EB39B}
		{2E312122-AAEF-4FEC-A86A-CC4A7A7AB0EF} = {07C2787E-EAC7-C090-1BA3-A61EC2A24D84}
		{1DF4FA49-126C-44F2-B92C-8CA1FB492A28} = {07C2787E-EAC7-C090-1BA3-A61EC2A24D84}
		{A515A2A6-7B05-4C24-A660-71E433909A79} = {07C2787E-EAC7-C090-1BA3-A61EC2A24D84}
	EndGlobalSection
EndGlobal
